
Microsoft Visual Studio Solution File, Format Version 12.00
# Visual Studio Version 17
VisualStudioVersion = 17.8.34316.72
MinimumVisualStudioVersion = 10.0.40219.1
Project("{FAE04EC0-301F-11D3-BF4B-00C04F79EFBC}") = "SecureAPI_JWT", "SecureAPI_JWT\SecureAPI_JWT.csproj", "{754B2A8F-A5C3-4B69-A2CC-7C23902FA27F}"
EndProject
Global
	GlobalSection(SolutionConfigurationPlatforms) = preSolution
		Debug|Any CPU = Debug|Any CPU
		Release|Any CPU = Release|Any CPU
	EndGlobalSection
	GlobalSection(ProjectConfigurationPlatforms) = postSolution
		{754B2A8F-A5C3-4B69-A2CC-7C23902FA27F}.Debug|Any CPU.ActiveCfg = Debug|Any CPU
		{754B2A8F-A5C3-4B69-A2CC-7C23902FA27F}.Debug|Any CPU.Build.0 = Debug|Any CPU
		{754B2A8F-A5C3-4B69-A2CC-7C23902FA27F}.Release|Any CPU.ActiveCfg = Release|Any CPU
		{754B2A8F-A5C3-4B69-A2CC-7C23902FA27F}.Release|Any CPU.Build.0 = Release|Any CPU
	EndGlobalSection
	GlobalSection(SolutionProperties) = preSolution
		HideSolutionNode = FALSE
	EndGlobalSection
	GlobalSection(ExtensibilityGlobals) = postSolution
		SolutionGuid = {5F1BCD13-9583-4957-94D6-01E3D64F9C80}
	EndGlobalSection
EndGlobal
